{
  "name": "browser-stats",
  "version": "1.0.0",
  "lockfileVersion": 3,
  "requires": true,
  "packages": {
    "": {
      "name": "browser-stats",
      "version": "1.0.0",
      "license": "BSD-3-Clause",
      "dependencies": {
        "caniuse-lite": "^1.0.30001481",
        "stream-csv-as-json": "^1.0.4"
      }
    },
    "node_modules/caniuse-lite": {
      "version": "1.0.30001481",
      "resolved": "https://registry.npmjs.org/caniuse-lite/-/caniuse-lite-1.0.30001481.tgz",
      "integrity": "sha512-KCqHwRnaa1InZBtqXzP98LPg0ajCVujMKjqKDhZEthIpAsJl/YEIa3YvXjGXPVqzZVguccuu7ga9KOE1J9rKPQ==",
      "funding": [
        {
          "type": "opencollective",
          "url": "https://opencollective.com/browserslist"
        },
        {
          "type": "tidelift",
          "url": "https://tidelift.com/funding/github/npm/caniuse-lite"
        },
        {
          "type": "github",
          "url": "https://github.com/sponsors/ai"
        }
      ]
    },
    "node_modules/stream-chain": {
      "version": "2.2.5",
      "resolved": "https://registry.npmjs.org/stream-chain/-/stream-chain-2.2.5.tgz",
      "integrity": "sha512-1TJmBx6aSWqZ4tx7aTpBDXK0/e2hhcNSTV8+CbFJtDjbb+I1mZ8lHit0Grw9GRT+6JbIrrDd8esncgBi8aBXGA=="
    },
    "node_modules/stream-csv-as-json": {
      "version": "1.0.4",
      "resolved": "https://registry.npmjs.org/stream-csv-as-json/-/stream-csv-as-json-1.0.4.tgz",
      "integrity": "sha512-6kEUuf7HSj6Bzv8T5/JW+0kRiJvC76qOixJi+6UvP+fYCN0cPoMgXA1RL6tFv041xobaymlmzQ4+DzfoVtBhqQ==",
      "dependencies": {
        "stream-json": "^1.7.1"
      }
    },
    "node_modules/stream-json": {
      "version": "1.7.5",
      "resolved": "https://registry.npmjs.org/stream-json/-/stream-json-1.7.5.tgz",
      "integrity": "sha512-NSkoVduGakxZ8a+pTPUlcGEeAGQpWL9rKJhOFCV+J/QtdQUEU5vtBgVg6eJXn8JB8RZvpbJWZGvXkhz70MLWoA==",
      "dependencies": {
        "stream-chain": "^2.2.5"
      }
    }
  }
}
